{
  "name": "info_management_system",
  "version": "1.0.0",
  "lockfileVersion": 3,
  "requires": true,
  "packages": {
    "": {
      "name": "info_management_system",
      "version": "1.0.0",
      "license": "ISC",
      "dependencies": {
        "@rails/ujs": "^7.0.0"
      }
    },
    "node_modules/@rails/ujs": {
      "version": "7.1.400",
      "resolved": "https://registry.npmjs.org/@rails/ujs/-/ujs-7.1.400.tgz",
      "integrity": "sha512-YwvXm3BR5tn+VCAKYGycLejMRVZE3Ionj5gFjEeGXCZnI0Rpi+7dKpmyu90kdUY7dRUFpHTdu9zZceEzFLl38w=="
    }
  }
}
